// !$*UTF8*$!
{
	archiveVersion = 1;
	classes = {
	};
	objectVersion = 46;
	objects = {

/* Begin PBXBuildFile section */
		2706EB8C16852F6500326CCD /* UIKit.framework in Frameworks */ = {isa = PBXBuildFile; fileRef = 2706EB8B16852F6500326CCD /* UIKit.framework */; };
		2706EB8E16852F6500326CCD /* Foundation.framework in Frameworks */ = {isa = PBXBuildFile; fileRef = 2706EB8D16852F6500326CCD /* Foundation.framework */; };
		2706EB9016852F6500326CCD /* CoreGraphics.framework in Frameworks */ = {isa = PBXBuildFile; fileRef = 2706EB8F16852F6500326CCD /* CoreGraphics.framework */; };
		2706EB9816852F6500326CCD /* main.m in Sources */ = {isa = PBXBuildFile; fileRef = 2706EB9716852F6500326CCD /* main.m */; };
		2706EB9C16852F6500326CCD /* AppDelegate.m in Sources */ = {isa = PBXBuildFile; fileRef = 2706EB9B16852F6500326CCD /* AppDelegate.m */; };
		2706EBA516852F6600326CCD /* SigFigCalculator.m in Sources */ = {isa = PBXBuildFile; fileRef = 2706EBA416852F6600326CCD /* SigFigCalculator.m */; };
		2706EBAE16852F6600326CCD /* UIKit.framework in Frameworks */ = {isa = PBXBuildFile; fileRef = 2706EB8B16852F6500326CCD /* UIKit.framework */; };
		2706EBAF16852F6600326CCD /* Foundation.framework in Frameworks */ = {isa = PBXBuildFile; fileRef = 2706EB8D16852F6500326CCD /* Foundation.framework */; };
		2706EBB716852F6600326CCD /* InfoPlist.strings in Resources */ = {isa = PBXBuildFile; fileRef = 2706EBB516852F6600326CCD /* InfoPlist.strings */; };
		2706EBBA16852F6600326CCD /* SigFigCalculatorTests.m in Sources */ = {isa = PBXBuildFile; fileRef = 2706EBB916852F6600326CCD /* SigFigCalculatorTests.m */; };
		271AC79E16C5B6FE001C7FD8 /* Operand.m in Sources */ = {isa = PBXBuildFile; fileRef = 271AC79D16C5B6FE001C7FD8 /* Operand.m */; };
		271AC7A116C5B851001C7FD8 /* SFCalculatorViewController.m in Sources */ = {isa = PBXBuildFile; fileRef = 271AC7A016C5B851001C7FD8 /* SFCalculatorViewController.m */; };
		271B0DC817DCD849003E8B92 /* Localizable.strings in Resources */ = {isa = PBXBuildFile; fileRef = 271B0DCA17DCD849003E8B92 /* Localizable.strings */; };
		271B88CB16E990A100684311 /* SFCounterViewController.m in Sources */ = {isa = PBXBuildFile; fileRef = 271B88CA16E990A100684311 /* SFCounterViewController.m */; };
		271B88D516EBDA3600684311 /* SigFigCounter.m in Sources */ = {isa = PBXBuildFile; fileRef = 271B88D416EBDA3600684311 /* SigFigCounter.m */; };
		271B88D816EBF91A00684311 /* SFRulesViewController.m in Sources */ = {isa = PBXBuildFile; fileRef = 271B88D716EBF91A00684311 /* SFRulesViewController.m */; };
		271B88E316EC147100684311 /* SFConverterViewController.m in Sources */ = {isa = PBXBuildFile; fileRef = 271B88E216EC147100684311 /* SFConverterViewController.m */; };
		271B88E616F1158100684311 /* SigFigConverter.m in Sources */ = {isa = PBXBuildFile; fileRef = 271B88E516F1158100684311 /* SigFigConverter.m */; };
		2757BFFE17DCDB570075CE13 /* MainStoryboard_iPhone.storyboard in Resources */ = {isa = PBXBuildFile; fileRef = 2757BFFD17DCDB570075CE13 /* MainStoryboard_iPhone.storyboard */; };
		2788C661173F7D9D007DF05A /* iAd.framework in Frameworks */ = {isa = PBXBuildFile; fileRef = 2788C660173F7D9D007DF05A /* iAd.framework */; };
		2790A29717DCC1E0008A56DB /* NSObject+AGi18n.m in Sources */ = {isa = PBXBuildFile; fileRef = 2790A28817DCC1E0008A56DB /* NSObject+AGi18n.m */; };
		2790A29817DCC1E0008A56DB /* UIBarButtonItem+AGi18n.m in Sources */ = {isa = PBXBuildFile; fileRef = 2790A28A17DCC1E0008A56DB /* UIBarButtonItem+AGi18n.m */; };
		2790A29917DCC1E0008A56DB /* UIButton+AGi18n.m in Sources */ = {isa = PBXBuildFile; fileRef = 2790A28C17DCC1E0008A56DB /* UIButton+AGi18n.m */; };
		2790A29A17DCC1E0008A56DB /* UILabel+AGi18n.m in Sources */ = {isa = PBXBuildFile; fileRef = 2790A28E17DCC1E0008A56DB /* UILabel+AGi18n.m */; };
		2790A29B17DCC1E0008A56DB /* UINavigationItem+AGi18n.m in Sources */ = {isa = PBXBuildFile; fileRef = 2790A29017DCC1E0008A56DB /* UINavigationItem+AGi18n.m */; };
		2790A29C17DCC1E0008A56DB /* UISearchBar+AGi18n.m in Sources */ = {isa = PBXBuildFile; fileRef = 2790A29217DCC1E0008A56DB /* UISearchBar+AGi18n.m */; };
		2790A29D17DCC1E0008A56DB /* UITextField+AGi18n.m in Sources */ = {isa = PBXBuildFile; fileRef = 2790A29417DCC1E0008A56DB /* UITextField+AGi18n.m */; };
		2790A29E17DCC1E0008A56DB /* UITextView+AGi18n.m in Sources */ = {isa = PBXBuildFile; fileRef = 2790A29617DCC1E0008A56DB /* UITextView+AGi18n.m */; };
		27C9950F1808E73C00D6C252 /* Media.xcassets in Resources */ = {isa = PBXBuildFile; fileRef = 27C9950E1808E73C00D6C252 /* Media.xcassets */; };
		EE2CC73E190BC7E100503DD3 /* MessageUI.framework in Frameworks */ = {isa = PBXBuildFile; fileRef = EE2CC73D190BC7E100503DD3 /* MessageUI.framework */; };
		EE32037C19BC737E009085C0 /* SFUserDefaultsHelper.m in Sources */ = {isa = PBXBuildFile; fileRef = EE32037B19BC737E009085C0 /* SFUserDefaultsHelper.m */; };
		EE52938519036544008AF503 /* SFSettingsViewController.m in Sources */ = {isa = PBXBuildFile; fileRef = EE52938419036544008AF503 /* SFSettingsViewController.m */; };
		EE9354E51AA754F900E9D389 /* SFBannerViewManager.m in Sources */ = {isa = PBXBuildFile; fileRef = EE9354E41AA754F900E9D389 /* SFBannerViewManager.m */; };
		EE9354E81AA7618D00E9D389 /* SFTabBar.m in Sources */ = {isa = PBXBuildFile; fileRef = EE9354E71AA7618D00E9D389 /* SFTabBar.m */; };
		EEF0796D1A74FDC700271599 /* SFBannerViewController.m in Sources */ = {isa = PBXBuildFile; fileRef = EEF0796C1A74FDC700271599 /* SFBannerViewController.m */; };
		EEF8052219AE9A76008FF4FF /* StoreKit.framework in Frameworks */ = {isa = PBXBuildFile; fileRef = EEF8052119AE9A76008FF4FF /* StoreKit.framework */; };
/* End PBXBuildFile section */

/* Begin PBXContainerItemProxy section */
		2706EBB016852F6600326CCD /* PBXContainerItemProxy */ = {
			isa = PBXContainerItemProxy;
			containerPortal = 2706EB7E16852F6500326CCD /* Project object */;
			proxyType = 1;
			remoteGlobalIDString = 2706EB8616852F6500326CCD;
			remoteInfo = SigFigCalculator;
		};
/* End PBXContainerItemProxy section */

/* Begin PBXFileReference section */
		2706EB8716852F6500326CCD /* SigFigCalculator.app */ = {isa = PBXFileReference; explicitFileType = wrapper.application; includeInIndex = 0; path = SigFigCalculator.app; sourceTree = BUILT_PRODUCTS_DIR; };
		2706EB8B16852F6500326CCD /* UIKit.framework */ = {isa = PBXFileReference; lastKnownFileType = wrapper.framework; name = UIKit.framework; path = System/Library/Frameworks/UIKit.framework; sourceTree = SDKROOT; };
		2706EB8D16852F6500326CCD /* Foundation.framework */ = {isa = PBXFileReference; lastKnownFileType = wrapper.framework; name = Foundation.framework; path = System/Library/Frameworks/Foundation.framework; sourceTree = SDKROOT; };
		2706EB8F16852F6500326CCD /* CoreGraphics.framework */ = {isa = PBXFileReference; lastKnownFileType = wrapper.framework; name = CoreGraphics.framework; path = System/Library/Frameworks/CoreGraphics.framework; sourceTree = SDKROOT; };
		2706EB9316852F6500326CCD /* SigFigCalculator-Info.plist */ = {isa = PBXFileReference; lastKnownFileType = text.plist.xml; path = "SigFigCalculator-Info.plist"; sourceTree = "<group>"; };
		2706EB9716852F6500326CCD /* main.m */ = {isa = PBXFileReference; lastKnownFileType = sourcecode.c.objc; path = main.m; sourceTree = "<group>"; };
		2706EB9916852F6500326CCD /* SigFigCalculator-Prefix.pch */ = {isa = PBXFileReference; lastKnownFileType = sourcecode.c.h; path = "SigFigCalculator-Prefix.pch"; sourceTree = "<group>"; };
		2706EB9A16852F6500326CCD /* AppDelegate.h */ = {isa = PBXFileReference; lastKnownFileType = sourcecode.c.h; path = AppDelegate.h; sourceTree = "<group>"; };
		2706EB9B16852F6500326CCD /* AppDelegate.m */ = {isa = PBXFileReference; lastKnownFileType = sourcecode.c.objc; path = AppDelegate.m; sourceTree = "<group>"; };
		2706EBA316852F6600326CCD /* SigFigCalculator.h */ = {isa = PBXFileReference; lastKnownFileType = sourcecode.c.h; path = SigFigCalculator.h; sourceTree = "<group>"; };
		2706EBA416852F6600326CCD /* SigFigCalculator.m */ = {isa = PBXFileReference; lastKnownFileType = sourcecode.c.objc; path = SigFigCalculator.m; sourceTree = "<group>"; };
		2706EBAB16852F6600326CCD /* SigFigCalculatorTests.xctest */ = {isa = PBXFileReference; explicitFileType = wrapper.cfbundle; includeInIndex = 0; path = SigFigCalculatorTests.xctest; sourceTree = BUILT_PRODUCTS_DIR; };
		2706EBB416852F6600326CCD /* SigFigCalculatorTests-Info.plist */ = {isa = PBXFileReference; lastKnownFileType = text.plist.xml; path = "SigFigCalculatorTests-Info.plist"; sourceTree = "<group>"; };
		2706EBB616852F6600326CCD /* en */ = {isa = PBXFileReference; lastKnownFileType = text.plist.strings; name = en; path = en.lproj/InfoPlist.strings; sourceTree = "<group>"; };
		2706EBB816852F6600326CCD /* SigFigCalculatorTests.h */ = {isa = PBXFileReference; lastKnownFileType = sourcecode.c.h; path = SigFigCalculatorTests.h; sourceTree = "<group>"; };
		2706EBB916852F6600326CCD /* SigFigCalculatorTests.m */ = {isa = PBXFileReference; lastKnownFileType = sourcecode.c.objc; path = SigFigCalculatorTests.m; sourceTree = "<group>"; };
		271AC79C16C5B6FE001C7FD8 /* Operand.h */ = {isa = PBXFileReference; fileEncoding = 4; lastKnownFileType = sourcecode.c.h; path = Operand.h; sourceTree = "<group>"; };
		271AC79D16C5B6FE001C7FD8 /* Operand.m */ = {isa = PBXFileReference; fileEncoding = 4; lastKnownFileType = sourcecode.c.objc; path = Operand.m; sourceTree = "<group>"; };
		271AC79F16C5B851001C7FD8 /* SFCalculatorViewController.h */ = {isa = PBXFileReference; fileEncoding = 4; lastKnownFileType = sourcecode.c.h; path = SFCalculatorViewController.h; sourceTree = "<group>"; };
		271AC7A016C5B851001C7FD8 /* SFCalculatorViewController.m */ = {isa = PBXFileReference; fileEncoding = 4; lastKnownFileType = sourcecode.c.objc; path = SFCalculatorViewController.m; sourceTree = "<group>"; };
		271B0DC917DCD849003E8B92 /* en */ = {isa = PBXFileReference; lastKnownFileType = text.plist.strings; name = en; path = en.lproj/Localizable.strings; sourceTree = "<group>"; };
		271B0DCB17DCD84D003E8B92 /* ja */ = {isa = PBXFileReference; lastKnownFileType = text.plist.strings; name = ja; path = ja.lproj/Localizable.strings; sourceTree = "<group>"; };
		271B88C916E990A100684311 /* SFCounterViewController.h */ = {isa = PBXFileReference; fileEncoding = 4; lastKnownFileType = sourcecode.c.h; path = SFCounterViewController.h; sourceTree = "<group>"; };
		271B88CA16E990A100684311 /* SFCounterViewController.m */ = {isa = PBXFileReference; fileEncoding = 4; lastKnownFileType = sourcecode.c.objc; path = SFCounterViewController.m; sourceTree = "<group>"; };
		271B88D316EBDA3600684311 /* SigFigCounter.h */ = {isa = PBXFileReference; fileEncoding = 4; lastKnownFileType = sourcecode.c.h; path = SigFigCounter.h; sourceTree = "<group>"; };
		271B88D416EBDA3600684311 /* SigFigCounter.m */ = {isa = PBXFileReference; fileEncoding = 4; lastKnownFileType = sourcecode.c.objc; path = SigFigCounter.m; sourceTree = "<group>"; };
		271B88D616EBF91A00684311 /* SFRulesViewController.h */ = {isa = PBXFileReference; fileEncoding = 4; lastKnownFileType = sourcecode.c.h; path = SFRulesViewController.h; sourceTree = "<group>"; };
		271B88D716EBF91A00684311 /* SFRulesViewController.m */ = {isa = PBXFileReference; fileEncoding = 4; lastKnownFileType = sourcecode.c.objc; path = SFRulesViewController.m; sourceTree = "<group>"; };
		271B88E116EC147100684311 /* SFConverterViewController.h */ = {isa = PBXFileReference; fileEncoding = 4; lastKnownFileType = sourcecode.c.h; path = SFConverterViewController.h; sourceTree = "<group>"; };
		271B88E216EC147100684311 /* SFConverterViewController.m */ = {isa = PBXFileReference; fileEncoding = 4; lastKnownFileType = sourcecode.c.objc; path = SFConverterViewController.m; sourceTree = "<group>"; };
		271B88E416F1158100684311 /* SigFigConverter.h */ = {isa = PBXFileReference; fileEncoding = 4; lastKnownFileType = sourcecode.c.h; path = SigFigConverter.h; sourceTree = "<group>"; };
		271B88E516F1158100684311 /* SigFigConverter.m */ = {isa = PBXFileReference; fileEncoding = 4; lastKnownFileType = sourcecode.c.objc; path = SigFigConverter.m; sourceTree = "<group>"; };
		2757BFFD17DCDB570075CE13 /* MainStoryboard_iPhone.storyboard */ = {isa = PBXFileReference; fileEncoding = 4; lastKnownFileType = file.storyboard; path = MainStoryboard_iPhone.storyboard; sourceTree = "<group>"; };
		2788C660173F7D9D007DF05A /* iAd.framework */ = {isa = PBXFileReference; lastKnownFileType = wrapper.framework; name = iAd.framework; path = System/Library/Frameworks/iAd.framework; sourceTree = SDKROOT; };
		2790A28517DCB9FC008A56DB /* ja */ = {isa = PBXFileReference; lastKnownFileType = text.plist.strings; name = ja; path = ja.lproj/InfoPlist.strings; sourceTree = "<group>"; };
		2790A28717DCC1E0008A56DB /* NSObject+AGi18n.h */ = {isa = PBXFileReference; fileEncoding = 4; lastKnownFileType = sourcecode.c.h; path = "NSObject+AGi18n.h"; sourceTree = "<group>"; };
		2790A28817DCC1E0008A56DB /* NSObject+AGi18n.m */ = {isa = PBXFileReference; fileEncoding = 4; lastKnownFileType = sourcecode.c.objc; path = "NSObject+AGi18n.m"; sourceTree = "<group>"; };
		2790A28917DCC1E0008A56DB /* UIBarButtonItem+AGi18n.h */ = {isa = PBXFileReference; fileEncoding = 4; lastKnownFileType = sourcecode.c.h; path = "UIBarButtonItem+AGi18n.h"; sourceTree = "<group>"; };
		2790A28A17DCC1E0008A56DB /* UIBarButtonItem+AGi18n.m */ = {isa = PBXFileReference; fileEncoding = 4; lastKnownFileType = sourcecode.c.objc; path = "UIBarButtonItem+AGi18n.m"; sourceTree = "<group>"; };
		2790A28B17DCC1E0008A56DB /* UIButton+AGi18n.h */ = {isa = PBXFileReference; fileEncoding = 4; lastKnownFileType = sourcecode.c.h; path = "UIButton+AGi18n.h"; sourceTree = "<group>"; };
		2790A28C17DCC1E0008A56DB /* UIButton+AGi18n.m */ = {isa = PBXFileReference; fileEncoding = 4; lastKnownFileType = sourcecode.c.objc; path = "UIButton+AGi18n.m"; sourceTree = "<group>"; };
		2790A28D17DCC1E0008A56DB /* UILabel+AGi18n.h */ = {isa = PBXFileReference; fileEncoding = 4; lastKnownFileType = sourcecode.c.h; path = "UILabel+AGi18n.h"; sourceTree = "<group>"; };
		2790A28E17DCC1E0008A56DB /* UILabel+AGi18n.m */ = {isa = PBXFileReference; fileEncoding = 4; lastKnownFileType = sourcecode.c.objc; path = "UILabel+AGi18n.m"; sourceTree = "<group>"; };
		2790A28F17DCC1E0008A56DB /* UINavigationItem+AGi18n.h */ = {isa = PBXFileReference; fileEncoding = 4; lastKnownFileType = sourcecode.c.h; path = "UINavigationItem+AGi18n.h"; sourceTree = "<group>"; };
		2790A29017DCC1E0008A56DB /* UINavigationItem+AGi18n.m */ = {isa = PBXFileReference; fileEncoding = 4; lastKnownFileType = sourcecode.c.objc; path = "UINavigationItem+AGi18n.m"; sourceTree = "<group>"; };
		2790A29117DCC1E0008A56DB /* UISearchBar+AGi18n.h */ = {isa = PBXFileReference; fileEncoding = 4; lastKnownFileType = sourcecode.c.h; path = "UISearchBar+AGi18n.h"; sourceTree = "<group>"; };
		2790A29217DCC1E0008A56DB /* UISearchBar+AGi18n.m */ = {isa = PBXFileReference; fileEncoding = 4; lastKnownFileType = sourcecode.c.objc; path = "UISearchBar+AGi18n.m"; sourceTree = "<group>"; };
		2790A29317DCC1E0008A56DB /* UITextField+AGi18n.h */ = {isa = PBXFileReference; fileEncoding = 4; lastKnownFileType = sourcecode.c.h; path = "UITextField+AGi18n.h"; sourceTree = "<group>"; };
		2790A29417DCC1E0008A56DB /* UITextField+AGi18n.m */ = {isa = PBXFileReference; fileEncoding = 4; lastKnownFileType = sourcecode.c.objc; path = "UITextField+AGi18n.m"; sourceTree = "<group>"; };
		2790A29517DCC1E0008A56DB /* UITextView+AGi18n.h */ = {isa = PBXFileReference; fileEncoding = 4; lastKnownFileType = sourcecode.c.h; path = "UITextView+AGi18n.h"; sourceTree = "<group>"; };
		2790A29617DCC1E0008A56DB /* UITextView+AGi18n.m */ = {isa = PBXFileReference; fileEncoding = 4; lastKnownFileType = sourcecode.c.objc; path = "UITextView+AGi18n.m"; sourceTree = "<group>"; };
		27C9950E1808E73C00D6C252 /* Media.xcassets */ = {isa = PBXFileReference; lastKnownFileType = folder.assetcatalog; path = Media.xcassets; sourceTree = "<group>"; };
		EE2CC73D190BC7E100503DD3 /* MessageUI.framework */ = {isa = PBXFileReference; lastKnownFileType = wrapper.framework; name = MessageUI.framework; path = System/Library/Frameworks/MessageUI.framework; sourceTree = SDKROOT; };
		EE32037A19BC737E009085C0 /* SFUserDefaultsHelper.h */ = {isa = PBXFileReference; fileEncoding = 4; lastKnownFileType = sourcecode.c.h; path = SFUserDefaultsHelper.h; sourceTree = "<group>"; };
		EE32037B19BC737E009085C0 /* SFUserDefaultsHelper.m */ = {isa = PBXFileReference; fileEncoding = 4; lastKnownFileType = sourcecode.c.objc; path = SFUserDefaultsHelper.m; sourceTree = "<group>"; };
		EE32037D19BC7588009085C0 /* SFConstants.h */ = {isa = PBXFileReference; lastKnownFileType = sourcecode.c.h; path = SFConstants.h; sourceTree = "<group>"; };
		EE52938319036544008AF503 /* SFSettingsViewController.h */ = {isa = PBXFileReference; fileEncoding = 4; lastKnownFileType = sourcecode.c.h; path = SFSettingsViewController.h; sourceTree = "<group>"; };
		EE52938419036544008AF503 /* SFSettingsViewController.m */ = {isa = PBXFileReference; fileEncoding = 4; lastKnownFileType = sourcecode.c.objc; path = SFSettingsViewController.m; sourceTree = "<group>"; };
		EE9354E31AA754F900E9D389 /* SFBannerViewManager.h */ = {isa = PBXFileReference; fileEncoding = 4; lastKnownFileType = sourcecode.c.h; path = SFBannerViewManager.h; sourceTree = "<group>"; };
		EE9354E41AA754F900E9D389 /* SFBannerViewManager.m */ = {isa = PBXFileReference; fileEncoding = 4; lastKnownFileType = sourcecode.c.objc; path = SFBannerViewManager.m; sourceTree = "<group>"; };
		EE9354E61AA7618D00E9D389 /* SFTabBar.h */ = {isa = PBXFileReference; fileEncoding = 4; lastKnownFileType = sourcecode.c.h; path = SFTabBar.h; sourceTree = "<group>"; };
		EE9354E71AA7618D00E9D389 /* SFTabBar.m */ = {isa = PBXFileReference; fileEncoding = 4; lastKnownFileType = sourcecode.c.objc; path = SFTabBar.m; sourceTree = "<group>"; };
		EEF0796B1A74FDC700271599 /* SFBannerViewController.h */ = {isa = PBXFileReference; fileEncoding = 4; lastKnownFileType = sourcecode.c.h; path = SFBannerViewController.h; sourceTree = "<group>"; };
		EEF0796C1A74FDC700271599 /* SFBannerViewController.m */ = {isa = PBXFileReference; fileEncoding = 4; lastKnownFileType = sourcecode.c.objc; path = SFBannerViewController.m; sourceTree = "<group>"; };
		EEF8052119AE9A76008FF4FF /* StoreKit.framework */ = {isa = PBXFileReference; lastKnownFileType = wrapper.framework; name = StoreKit.framework; path = System/Library/Frameworks/StoreKit.framework; sourceTree = SDKROOT; };
/* End PBXFileReference section */

/* Begin PBXFrameworksBuildPhase section */
		2706EB8416852F6500326CCD /* Frameworks */ = {
			isa = PBXFrameworksBuildPhase;
			buildActionMask = 2147483647;
			files = (
				EEF8052219AE9A76008FF4FF /* StoreKit.framework in Frameworks */,
				EE2CC73E190BC7E100503DD3 /* MessageUI.framework in Frameworks */,
				2788C661173F7D9D007DF05A /* iAd.framework in Frameworks */,
				2706EB8C16852F6500326CCD /* UIKit.framework in Frameworks */,
				2706EB8E16852F6500326CCD /* Foundation.framework in Frameworks */,
				2706EB9016852F6500326CCD /* CoreGraphics.framework in Frameworks */,
			);
			runOnlyForDeploymentPostprocessing = 0;
		};
		2706EBA716852F6600326CCD /* Frameworks */ = {
			isa = PBXFrameworksBuildPhase;
			buildActionMask = 2147483647;
			files = (
				2706EBAE16852F6600326CCD /* UIKit.framework in Frameworks */,
				2706EBAF16852F6600326CCD /* Foundation.framework in Frameworks */,
			);
			runOnlyForDeploymentPostprocessing = 0;
		};
/* End PBXFrameworksBuildPhase section */

/* Begin PBXGroup section */
		2706EB7C16852F6500326CCD = {
			isa = PBXGroup;
			children = (
				2706EB9116852F6500326CCD /* SigFigCalculator */,
				2706EBB216852F6600326CCD /* SigFigCalculatorTests */,
				2706EB8A16852F6500326CCD /* Frameworks */,
				2706EB8816852F6500326CCD /* Products */,
				2790A28617DCC1E0008A56DB /* lib */,
			);
			sourceTree = "<group>";
		};
		2706EB8816852F6500326CCD /* Products */ = {
			isa = PBXGroup;
			children = (
				2706EB8716852F6500326CCD /* SigFigCalculator.app */,
				2706EBAB16852F6600326CCD /* SigFigCalculatorTests.xctest */,
			);
			name = Products;
			sourceTree = "<group>";
		};
		2706EB8A16852F6500326CCD /* Frameworks */ = {
			isa = PBXGroup;
			children = (
				EEF8052119AE9A76008FF4FF /* StoreKit.framework */,
				EE2CC73D190BC7E100503DD3 /* MessageUI.framework */,
				2788C660173F7D9D007DF05A /* iAd.framework */,
				2706EB8B16852F6500326CCD /* UIKit.framework */,
				2706EB8D16852F6500326CCD /* Foundation.framework */,
				2706EB8F16852F6500326CCD /* CoreGraphics.framework */,
			);
			name = Frameworks;
			sourceTree = "<group>";
		};
		2706EB9116852F6500326CCD /* SigFigCalculator */ = {
			isa = PBXGroup;
			children = (
				2745FFAC16C40ED70004EED6 /* Controller */,
				2745FFAB16C40ED20004EED6 /* VIew */,
				2745FFA916C40EC80004EED6 /* Model */,
				2706EB9216852F6500326CCD /* Supporting Files */,
			);
			path = SigFigCalculator;
			sourceTree = "<group>";
		};
		2706EB9216852F6500326CCD /* Supporting Files */ = {
			isa = PBXGroup;
			children = (
				27C9950E1808E73C00D6C252 /* Media.xcassets */,
				2706EB9A16852F6500326CCD /* AppDelegate.h */,
				2706EB9B16852F6500326CCD /* AppDelegate.m */,
				2706EB9316852F6500326CCD /* SigFigCalculator-Info.plist */,
				2706EB9716852F6500326CCD /* main.m */,
				2706EB9916852F6500326CCD /* SigFigCalculator-Prefix.pch */,
				271B0DCA17DCD849003E8B92 /* Localizable.strings */,
			);
			name = "Supporting Files";
			sourceTree = "<group>";
		};
		2706EBB216852F6600326CCD /* SigFigCalculatorTests */ = {
			isa = PBXGroup;
			children = (
				2706EBB816852F6600326CCD /* SigFigCalculatorTests.h */,
				2706EBB916852F6600326CCD /* SigFigCalculatorTests.m */,
				2706EBB316852F6600326CCD /* Supporting Files */,
			);
			path = SigFigCalculatorTests;
			sourceTree = "<group>";
		};
		2706EBB316852F6600326CCD /* Supporting Files */ = {
			isa = PBXGroup;
			children = (
				2706EBB416852F6600326CCD /* SigFigCalculatorTests-Info.plist */,
				2706EBB516852F6600326CCD /* InfoPlist.strings */,
			);
			name = "Supporting Files";
			sourceTree = "<group>";
		};
		2745FFA916C40EC80004EED6 /* Model */ = {
			isa = PBXGroup;
			children = (
				EE32037D19BC7588009085C0 /* SFConstants.h */,
				EE32037A19BC737E009085C0 /* SFUserDefaultsHelper.h */,
				EE32037B19BC737E009085C0 /* SFUserDefaultsHelper.m */,
				2706EBA316852F6600326CCD /* SigFigCalculator.h */,
				2706EBA416852F6600326CCD /* SigFigCalculator.m */,
				271AC79C16C5B6FE001C7FD8 /* Operand.h */,
				271AC79D16C5B6FE001C7FD8 /* Operand.m */,
				271B88D316EBDA3600684311 /* SigFigCounter.h */,
				271B88D416EBDA3600684311 /* SigFigCounter.m */,
				271B88E416F1158100684311 /* SigFigConverter.h */,
				271B88E516F1158100684311 /* SigFigConverter.m */,
			);
			name = Model;
			sourceTree = "<group>";
		};
		2745FFAB16C40ED20004EED6 /* VIew */ = {
			isa = PBXGroup;
			children = (
				2757BFFD17DCDB570075CE13 /* MainStoryboard_iPhone.storyboard */,
			);
			name = VIew;
			sourceTree = "<group>";
		};
		2745FFAC16C40ED70004EED6 /* Controller */ = {
			isa = PBXGroup;
			children = (
				EEF0796B1A74FDC700271599 /* SFBannerViewController.h */,
				EEF0796C1A74FDC700271599 /* SFBannerViewController.m */,
				271AC79F16C5B851001C7FD8 /* SFCalculatorViewController.h */,
				271AC7A016C5B851001C7FD8 /* SFCalculatorViewController.m */,
				271B88C916E990A100684311 /* SFCounterViewController.h */,
				271B88CA16E990A100684311 /* SFCounterViewController.m */,
				271B88E116EC147100684311 /* SFConverterViewController.h */,
				271B88E216EC147100684311 /* SFConverterViewController.m */,
				271B88D616EBF91A00684311 /* SFRulesViewController.h */,
				271B88D716EBF91A00684311 /* SFRulesViewController.m */,
				EE52938319036544008AF503 /* SFSettingsViewController.h */,
				EE52938419036544008AF503 /* SFSettingsViewController.m */,
				EE9354E31AA754F900E9D389 /* SFBannerViewManager.h */,
				EE9354E41AA754F900E9D389 /* SFBannerViewManager.m */,
				EE9354E61AA7618D00E9D389 /* SFTabBar.h */,
				EE9354E71AA7618D00E9D389 /* SFTabBar.m */,
			);
			name = Controller;
			sourceTree = "<group>";
		};
		2790A28617DCC1E0008A56DB /* lib */ = {
			isa = PBXGroup;
			children = (
				2790A28717DCC1E0008A56DB /* NSObject+AGi18n.h */,
				2790A28817DCC1E0008A56DB /* NSObject+AGi18n.m */,
				2790A28917DCC1E0008A56DB /* UIBarButtonItem+AGi18n.h */,
				2790A28A17DCC1E0008A56DB /* UIBarButtonItem+AGi18n.m */,
				2790A28B17DCC1E0008A56DB /* UIButton+AGi18n.h */,
				2790A28C17DCC1E0008A56DB /* UIButton+AGi18n.m */,
				2790A28D17DCC1E0008A56DB /* UILabel+AGi18n.h */,
				2790A28E17DCC1E0008A56DB /* UILabel+AGi18n.m */,
				2790A28F17DCC1E0008A56DB /* UINavigationItem+AGi18n.h */,
				2790A29017DCC1E0008A56DB /* UINavigationItem+AGi18n.m */,
				2790A29117DCC1E0008A56DB /* UISearchBar+AGi18n.h */,
				2790A29217DCC1E0008A56DB /* UISearchBar+AGi18n.m */,
				2790A29317DCC1E0008A56DB /* UITextField+AGi18n.h */,
				2790A29417DCC1E0008A56DB /* UITextField+AGi18n.m */,
				2790A29517DCC1E0008A56DB /* UITextView+AGi18n.h */,
				2790A29617DCC1E0008A56DB /* UITextView+AGi18n.m */,
			);
			path = lib;
			sourceTree = "<group>";
		};
/* End PBXGroup section */

/* Begin PBXNativeTarget section */
		2706EB8616852F6500326CCD /* SigFigCalculator */ = {
			isa = PBXNativeTarget;
			buildConfigurationList = 2706EBBD16852F6600326CCD /* Build configuration list for PBXNativeTarget "SigFigCalculator" */;
			buildPhases = (
				2706EB8316852F6500326CCD /* Sources */,
				2706EB8416852F6500326CCD /* Frameworks */,
				2706EB8516852F6500326CCD /* Resources */,
			);
			buildRules = (
			);
			dependencies = (
			);
			name = SigFigCalculator;
			productName = SigFigCalculator;
			productReference = 2706EB8716852F6500326CCD /* SigFigCalculator.app */;
			productType = "com.apple.product-type.application";
		};
		2706EBAA16852F6600326CCD /* SigFigCalculatorTests */ = {
			isa = PBXNativeTarget;
			buildConfigurationList = 2706EBC016852F6600326CCD /* Build configuration list for PBXNativeTarget "SigFigCalculatorTests" */;
			buildPhases = (
				2706EBA616852F6600326CCD /* Sources */,
				2706EBA716852F6600326CCD /* Frameworks */,
				2706EBA816852F6600326CCD /* Resources */,
				2706EBA916852F6600326CCD /* ShellScript */,
			);
			buildRules = (
			);
			dependencies = (
				2706EBB116852F6600326CCD /* PBXTargetDependency */,
			);
			name = SigFigCalculatorTests;
			productName = SigFigCalculatorTests;
			productReference = 2706EBAB16852F6600326CCD /* SigFigCalculatorTests.xctest */;
			productType = "com.apple.product-type.bundle.unit-test";
		};
/* End PBXNativeTarget section */

/* Begin PBXProject section */
		2706EB7E16852F6500326CCD /* Project object */ = {
			isa = PBXProject;
			attributes = {
				LastTestingUpgradeCheck = 0510;
				LastUpgradeCheck = 0610;
				ORGANIZATIONNAME = "University of Texas at Austin";
			};
			buildConfigurationList = 2706EB8116852F6500326CCD /* Build configuration list for PBXProject "SigFigCalculator" */;
			compatibilityVersion = "Xcode 3.2";
			developmentRegion = English;
			hasScannedForEncodings = 0;
			knownRegions = (
				en,
				ja,
			);
			mainGroup = 2706EB7C16852F6500326CCD;
			productRefGroup = 2706EB8816852F6500326CCD /* Products */;
			projectDirPath = "";
			projectRoot = "";
			targets = (
				2706EB8616852F6500326CCD /* SigFigCalculator */,
				2706EBAA16852F6600326CCD /* SigFigCalculatorTests */,
			);
		};
/* End PBXProject section */

/* Begin PBXResourcesBuildPhase section */
		2706EB8516852F6500326CCD /* Resources */ = {
			isa = PBXResourcesBuildPhase;
			buildActionMask = 2147483647;
			files = (
				271B0DC817DCD849003E8B92 /* Localizable.strings in Resources */,
				2757BFFE17DCDB570075CE13 /* MainStoryboard_iPhone.storyboard in Resources */,
				27C9950F1808E73C00D6C252 /* Media.xcassets in Resources */,
			);
			runOnlyForDeploymentPostprocessing = 0;
		};
		2706EBA816852F6600326CCD /* Resources */ = {
			isa = PBXResourcesBuildPhase;
			buildActionMask = 2147483647;
			files = (
				2706EBB716852F6600326CCD /* InfoPlist.strings in Resources */,
			);
			runOnlyForDeploymentPostprocessing = 0;
		};
/* End PBXResourcesBuildPhase section */

/* Begin PBXShellScriptBuildPhase section */
		2706EBA916852F6600326CCD /* ShellScript */ = {
			isa = PBXShellScriptBuildPhase;
			buildActionMask = 2147483647;
			files = (
			);
			inputPaths = (
			);
			outputPaths = (
			);
			runOnlyForDeploymentPostprocessing = 0;
			shellPath = /bin/sh;
			shellScript = "# Run the unit tests in this test bundle.\n\"${SYSTEM_DEVELOPER_DIR}/Tools/RunUnitTests\"\n";
		};
/* End PBXShellScriptBuildPhase section */

/* Begin PBXSourcesBuildPhase section */
		2706EB8316852F6500326CCD /* Sources */ = {
			isa = PBXSourcesBuildPhase;
			buildActionMask = 2147483647;
			files = (
				2706EB9816852F6500326CCD /* main.m in Sources */,
				2706EB9C16852F6500326CCD /* AppDelegate.m in Sources */,
				EE9354E81AA7618D00E9D389 /* SFTabBar.m in Sources */,
				2706EBA516852F6600326CCD /* SigFigCalculator.m in Sources */,
				EE9354E51AA754F900E9D389 /* SFBannerViewManager.m in Sources */,
				271AC79E16C5B6FE001C7FD8 /* Operand.m in Sources */,
				271AC7A116C5B851001C7FD8 /* SFCalculatorViewController.m in Sources */,
				271B88CB16E990A100684311 /* SFCounterViewController.m in Sources */,
				271B88D516EBDA3600684311 /* SigFigCounter.m in Sources */,
				271B88D816EBF91A00684311 /* SFRulesViewController.m in Sources */,
				271B88E316EC147100684311 /* SFConverterViewController.m in Sources */,
				271B88E616F1158100684311 /* SigFigConverter.m in Sources */,
				EE32037C19BC737E009085C0 /* SFUserDefaultsHelper.m in Sources */,
				2790A29717DCC1E0008A56DB /* NSObject+AGi18n.m in Sources */,
				2790A29817DCC1E0008A56DB /* UIBarButtonItem+AGi18n.m in Sources */,
				2790A29917DCC1E0008A56DB /* UIButton+AGi18n.m in Sources */,
				EEF0796D1A74FDC700271599 /* SFBannerViewController.m in Sources */,
				2790A29A17DCC1E0008A56DB /* UILabel+AGi18n.m in Sources */,
				2790A29B17DCC1E0008A56DB /* UINavigationItem+AGi18n.m in Sources */,
				2790A29C17DCC1E0008A56DB /* UISearchBar+AGi18n.m in Sources */,
				2790A29D17DCC1E0008A56DB /* UITextField+AGi18n.m in Sources */,
				EE52938519036544008AF503 /* SFSettingsViewController.m in Sources */,
				2790A29E17DCC1E0008A56DB /* UITextView+AGi18n.m in Sources */,
			);
			runOnlyForDeploymentPostprocessing = 0;
		};
		2706EBA616852F6600326CCD /* Sources */ = {
			isa = PBXSourcesBuildPhase;
			buildActionMask = 2147483647;
			files = (
				2706EBBA16852F6600326CCD /* SigFigCalculatorTests.m in Sources */,
			);
			runOnlyForDeploymentPostprocessing = 0;
		};
/* End PBXSourcesBuildPhase section */

/* Begin PBXTargetDependency section */
		2706EBB116852F6600326CCD /* PBXTargetDependency */ = {
			isa = PBXTargetDependency;
			target = 2706EB8616852F6500326CCD /* SigFigCalculator */;
			targetProxy = 2706EBB016852F6600326CCD /* PBXContainerItemProxy */;
		};
/* End PBXTargetDependency section */

/* Begin PBXVariantGroup section */
		2706EBB516852F6600326CCD /* InfoPlist.strings */ = {
			isa = PBXVariantGroup;
			children = (
				2706EBB616852F6600326CCD /* en */,
				2790A28517DCB9FC008A56DB /* ja */,
			);
			name = InfoPlist.strings;
			sourceTree = "<group>";
		};
		271B0DCA17DCD849003E8B92 /* Localizable.strings */ = {
			isa = PBXVariantGroup;
			children = (
				271B0DC917DCD849003E8B92 /* en */,
				271B0DCB17DCD84D003E8B92 /* ja */,
			);
			name = Localizable.strings;
			sourceTree = "<group>";
		};
/* End PBXVariantGroup section */

/* Begin XCBuildConfiguration section */
		2706EBBB16852F6600326CCD /* Debug */ = {
			isa = XCBuildConfiguration;
			buildSettings = {
				ALWAYS_SEARCH_USER_PATHS = NO;
				CLANG_ENABLE_OBJC_ARC = YES;
				CLANG_WARN_BOOL_CONVERSION = YES;
				CLANG_WARN_CONSTANT_CONVERSION = YES;
				CLANG_WARN_EMPTY_BODY = YES;
				CLANG_WARN_ENUM_CONVERSION = YES;
				CLANG_WARN_INT_CONVERSION = YES;
				CLANG_WARN_UNREACHABLE_CODE = YES;
				CLANG_WARN__DUPLICATE_METHOD_MATCH = YES;
				CODE_SIGN_IDENTITY = "iPhone Distribution: Hunter Gearhart";
				"CODE_SIGN_IDENTITY[sdk=iphoneos*]" = "iPhone Developer";
				COPY_PHASE_STRIP = NO;
				ENABLE_STRICT_OBJC_MSGSEND = YES;
				GCC_C_LANGUAGE_STANDARD = gnu99;
				GCC_DYNAMIC_NO_PIC = NO;
				GCC_OPTIMIZATION_LEVEL = 0;
				GCC_PREPROCESSOR_DEFINITIONS = (
					"DEBUG=1",
					"$(inherited)",
				);
				GCC_SYMBOLS_PRIVATE_EXTERN = NO;
				GCC_VERSION = com.apple.compilers.llvm.clang.1_0;
				GCC_WARN_64_TO_32_BIT_CONVERSION = YES;
				GCC_WARN_ABOUT_RETURN_TYPE = YES;
				GCC_WARN_UNDECLARED_SELECTOR = YES;
				GCC_WARN_UNINITIALIZED_AUTOS = YES;
				GCC_WARN_UNUSED_FUNCTION = YES;
				GCC_WARN_UNUSED_VARIABLE = YES;
				IPHONEOS_DEPLOYMENT_TARGET = 7.0;
				ONLY_ACTIVE_ARCH = YES;
				PROVISIONING_PROFILE = "";
				SDKROOT = iphoneos;
				TARGETED_DEVICE_FAMILY = "1,2";
			};
			name = Debug;
		};
		2706EBBC16852F6600326CCD /* Release */ = {
			isa = XCBuildConfiguration;
			buildSettings = {
				ALWAYS_SEARCH_USER_PATHS = NO;
				CLANG_ENABLE_OBJC_ARC = YES;
				CLANG_WARN_BOOL_CONVERSION = YES;
				CLANG_WARN_CONSTANT_CONVERSION = YES;
				CLANG_WARN_EMPTY_BODY = YES;
				CLANG_WARN_ENUM_CONVERSION = YES;
				CLANG_WARN_INT_CONVERSION = YES;
				CLANG_WARN_UNREACHABLE_CODE = YES;
				CLANG_WARN__DUPLICATE_METHOD_MATCH = YES;
				CODE_SIGN_IDENTITY = "iPhone Distribution: Hunter Gearhart";
				"CODE_SIGN_IDENTITY[sdk=iphoneos*]" = "iPhone Developer";
				COPY_PHASE_STRIP = YES;
				ENABLE_STRICT_OBJC_MSGSEND = YES;
				GCC_C_LANGUAGE_STANDARD = gnu99;
				GCC_VERSION = com.apple.compilers.llvm.clang.1_0;
				GCC_WARN_64_TO_32_BIT_CONVERSION = YES;
				GCC_WARN_ABOUT_RETURN_TYPE = YES;
				GCC_WARN_UNDECLARED_SELECTOR = YES;
				GCC_WARN_UNINITIALIZED_AUTOS = YES;
				GCC_WARN_UNUSED_FUNCTION = YES;
				GCC_WARN_UNUSED_VARIABLE = YES;
				IPHONEOS_DEPLOYMENT_TARGET = 7.0;
				OTHER_CFLAGS = "-DNS_BLOCK_ASSERTIONS=1";
				PROVISIONING_PROFILE = "";
				SDKROOT = iphoneos;
				TARGETED_DEVICE_FAMILY = "1,2";
				VALIDATE_PRODUCT = YES;
			};
			name = Release;
		};
		2706EBBE16852F6600326CCD /* Debug */ = {
			isa = XCBuildConfiguration;
			buildSettings = {
				"ARCHS[sdk=*]" = "$(ARCHS_STANDARD)";
				ASSETCATALOG_COMPILER_APPICON_NAME = AppIcon;
				ASSETCATALOG_COMPILER_LAUNCHIMAGE_NAME = LaunchImage;
				CODE_SIGN_IDENTITY = "iPhone Developer";
				GCC_PRECOMPILE_PREFIX_HEADER = YES;
				GCC_PREFIX_HEADER = "SigFigCalculator/SigFigCalculator-Prefix.pch";
				INFOPLIST_FILE = "SigFigCalculator/SigFigCalculator-Info.plist";
				IPHONEOS_DEPLOYMENT_TARGET = 7.0;
				PRODUCT_NAME = "$(TARGET_NAME)";
				TARGETED_DEVICE_FAMILY = 1;
				WRAPPER_EXTENSION = app;
			};
			name = Debug;
		};
		2706EBBF16852F6600326CCD /* Release */ = {
			isa = XCBuildConfiguration;
			buildSettings = {
				ASSETCATALOG_COMPILER_APPICON_NAME = AppIcon;
				ASSETCATALOG_COMPILER_LAUNCHIMAGE_NAME = LaunchImage;
				CODE_SIGN_IDENTITY = "iPhone Developer";
				GCC_PRECOMPILE_PREFIX_HEADER = YES;
				GCC_PREFIX_HEADER = "SigFigCalculator/SigFigCalculator-Prefix.pch";
				INFOPLIST_FILE = "SigFigCalculator/SigFigCalculator-Info.plist";
				IPHONEOS_DEPLOYMENT_TARGET = 7.0;
				PRODUCT_NAME = "$(TARGET_NAME)";
				TARGETED_DEVICE_FAMILY = 1;
				WRAPPER_EXTENSION = app;
			};
			name = Release;
		};
		2706EBC116852F6600326CCD /* Debug */ = {
			isa = XCBuildConfiguration;
			buildSettings = {
				BUNDLE_LOADER = "$(BUILT_PRODUCTS_DIR)/SigFigCalculator.app/SigFigCalculator";
				FRAMEWORK_SEARCH_PATHS = (
					"$(SDKROOT)/Developer/Library/Frameworks",
					"$(inherited)",
				);
				GCC_PRECOMPILE_PREFIX_HEADER = YES;
				GCC_PREFIX_HEADER = "SigFigCalculator/SigFigCalculator-Prefix.pch";
				INFOPLIST_FILE = "SigFigCalculatorTests/SigFigCalculatorTests-Info.plist";
				PRODUCT_NAME = "$(TARGET_NAME)";
				TEST_HOST = "$(BUNDLE_LOADER)";
			};
			name = Debug;
		};
		2706EBC216852F6600326CCD /* Release */ = {
			isa = XCBuildConfiguration;
			buildSettings = {
				BUNDLE_LOADER = "$(BUILT_PRODUCTS_DIR)/SigFigCalculator.app/SigFigCalculator";
				FRAMEWORK_SEARCH_PATHS = (
					"$(SDKROOT)/Developer/Library/Frameworks",
					"$(inherited)",
				);
				GCC_PRECOMPILE_PREFIX_HEADER = YES;
				GCC_PREFIX_HEADER = "SigFigCalculator/SigFigCalculator-Prefix.pch";
				INFOPLIST_FILE = "SigFigCalculatorTests/SigFigCalculatorTests-Info.plist";
				PRODUCT_NAME = "$(TARGET_NAME)";
				TEST_HOST = "$(BUNDLE_LOADER)";
			};
			name = Release;
		};
/* End XCBuildConfiguration section */

/* Begin XCConfigurationList section */
		2706EB8116852F6500326CCD /* Build configuration list for PBXProject "SigFigCalculator" */ = {
			isa = XCConfigurationList;
			buildConfigurations = (
				2706EBBB16852F6600326CCD /* Debug */,
				2706EBBC16852F6600326CCD /* Release */,
			);
			defaultConfigurationIsVisible = 0;
			defaultConfigurationName = Release;
		};
		2706EBBD16852F6600326CCD /* Build configuration list for PBXNativeTarget "SigFigCalculator" */ = {
			isa = XCConfigurationList;
			buildConfigurations = (
				2706EBBE16852F6600326CCD /* Debug */,
				2706EBBF16852F6600326CCD /* Release */,
			);
			defaultConfigurationIsVisible = 0;
			defaultConfigurationName = Release;
		};
		2706EBC016852F6600326CCD /* Build configuration list for PBXNativeTarget "SigFigCalculatorTests" */ = {
			isa = XCConfigurationList;
			buildConfigurations = (
				2706EBC116852F6600326CCD /* Debug */,
				2706EBC216852F6600326CCD /* Release */,
			);
			defaultConfigurationIsVisible = 0;
			defaultConfigurationName = Release;
		};
/* End XCConfigurationList section */
	};
	rootObject = 2706EB7E16852F6500326CCD /* Project object */;
}
